
Microsoft Visual Studio Solution File, Format Version 12.00
# Visual Studio Version 16
VisualStudioVersion = 16.0.30114.105
MinimumVisualStudioVersion = 10.0.40219.1
Project("{2150E333-8FDC-42A3-9474-1A3956D46DE8}") = "src", "src", "{694FA276-A796-42EF-98B6-E2A6BD7CC1DE}"
EndProject
Project("{2150E333-8FDC-42A3-9474-1A3956D46DE8}") = "tests", "tests", "{41BB552A-C0E7-45AD-81F8-8436367AA8AA}"
EndProject
Project("{9A19103F-16F7-4668-BE54-9A1E7A4F7556}") = "GenericImporter.Domain", "src\GenericImporter.Domain\GenericImporter.Domain.csproj", "{E673A2A5-6B35-4436-813C-5059684E18A7}"
EndProject
Project("{9A19103F-16F7-4668-BE54-9A1E7A4F7556}") = "GenericImporter.Application", "src\GenericImporter.Application\GenericImporter.Application.csproj", "{56B27EBE-8E1D-4AF2-B1C5-A66EA3837196}"
EndProject
Project("{9A19103F-16F7-4668-BE54-9A1E7A4F7556}") = "GenericImporter.Infra.Data", "src\GenericImporter.Infra.Data\GenericImporter.Infra.Data.csproj", "{AD557A8B-319A-4B8F-9B03-2E4CE266A86E}"
EndProject
Project("{9A19103F-16F7-4668-BE54-9A1E7A4F7556}") = "GenericImporter.Infra.CrossCutting.IoC", "src\GenericImporter.Infra.CrossCutting.IoC\GenericImporter.Infra.CrossCutting.IoC.csproj", "{B4E46550-46BC-4992-8A34-F25DAFC6FC5A}"
EndProject
Project("{9A19103F-16F7-4668-BE54-9A1E7A4F7556}") = "GenericImporter.API", "src\GenericImporter.API\GenericImporter.API.csproj", "{F0E8E93F-4210-4BF9-A2E4-E9728164C19F}"
EndProject
Project("{9A19103F-16F7-4668-BE54-9A1E7A4F7556}") = "GenericImporter.Domain.Core", "src\GenericImporter.Domain.Core\GenericImporter.Domain.Core.csproj", "{EBE4A453-0EB6-40D5-9425-6FBD49425DC9}"
EndProject
Project("{9A19103F-16F7-4668-BE54-9A1E7A4F7556}") = "GenericImporter.Infra.Data.Core", "src\GenericImporter.Infra.Data.Core\GenericImporter.Infra.Data.Core.csproj", "{43E8766C-4386-4EA8-BE00-1983018A5A91}"
EndProject
Project("{9A19103F-16F7-4668-BE54-9A1E7A4F7556}") = "GenericImporter.Application.Core", "src\GenericImporter.Application.Core\GenericImporter.Application.Core.csproj", "{FC27D2FA-913C-42A2-B2BC-2BECDDE958EB}"
EndProject
Project("{2150E333-8FDC-42A3-9474-1A3956D46DE8}") = "Core", "Core", "{7B61351B-50CA-41D5-8BB8-AD8C28FD6559}"
EndProject
Project("{9A19103F-16F7-4668-BE54-9A1E7A4F7556}") = "GenericImporter.Web.Core", "src\GenericImporter.Web.Core\GenericImporter.Web.Core.csproj", "{ADC04298-DC7F-4900-94CE-E870222C9A8F}"
EndProject
Project("{9A19103F-16F7-4668-BE54-9A1E7A4F7556}") = "GenericImporter.Application.Tests", "tests\GenericImporter.Application.Tests\GenericImporter.Application.Tests.csproj", "{433DDE4F-C24B-4619-B738-47B5FED46DE5}"
EndProject
Project("{9A19103F-16F7-4668-BE54-9A1E7A4F7556}") = "GenericImporter.Domain.Tests", "tests\GenericImporter.Domain.Tests\GenericImporter.Domain.Tests.csproj", "{A4702E3B-7AD8-4AC9-AE68-455AB8DA1FDE}"
EndProject
Project("{2150E333-8FDC-42A3-9474-1A3956D46DE8}") = "Core", "Core", "{710F2EE8-431A-47C7-8CB9-5F0590836FFA}"
EndProject
Project("{9A19103F-16F7-4668-BE54-9A1E7A4F7556}") = "GenericImporter.Application.Core.Tests", "tests\GenericImporter.Application.Core.Tests\GenericImporter.Application.Core.Tests.csproj", "{40FE1F23-508F-47D3-A855-1FFFBEDE524F}"
EndProject
Project("{9A19103F-16F7-4668-BE54-9A1E7A4F7556}") = "GenericImporter.Domain.Core.Tests", "tests\GenericImporter.Domain.Core.Tests\GenericImporter.Domain.Core.Tests.csproj", "{58D5D7AF-83C0-4A3A-BE1C-B757A07A1F03}"
EndProject
Project("{9A19103F-16F7-4668-BE54-9A1E7A4F7556}") = "GenericImporter.Web.Core.Tests", "tests\GenericImporter.Web.Core.Tests\GenericImporter.Web.Core.Tests.csproj", "{B6085D02-406A-4ACD-9789-A7AB391F0E7C}"
EndProject
Project("{FAE04EC0-301F-11D3-BF4B-00C04F79EFBC}") = "GenericImporter.API.Tests", "tests\GenericImporter.API.Tests\GenericImporter.API.Tests.csproj", "{4D1B6E89-7B51-471E-AF18-F1CFC913C91F}"
EndProject
Project("{FAE04EC0-301F-11D3-BF4B-00C04F79EFBC}") = "GenericImporter.Infra.Data.Tests", "tests\GenericImporter.Infra.Data.Tests\GenericImporter.Infra.Data.Tests.csproj", "{A67DEFF6-AD11-4801-B93A-4C16FA2F9FD6}"
EndProject
Global
	GlobalSection(SolutionConfigurationPlatforms) = preSolution
		Debug|Any CPU = Debug|Any CPU
		Debug|x64 = Debug|x64
		Debug|x86 = Debug|x86
		Release|Any CPU = Release|Any CPU
		Release|x64 = Release|x64
		Release|x86 = Release|x86
	EndGlobalSection
	GlobalSection(ProjectConfigurationPlatforms) = postSolution
		{E673A2A5-6B35-4436-813C-5059684E18A7}.Debug|Any CPU.ActiveCfg = Debug|Any CPU
		{E673A2A5-6B35-4436-813C-5059684E18A7}.Debug|Any CPU.Build.0 = Debug|Any CPU
		{E673A2A5-6B35-4436-813C-5059684E18A7}.Debug|x64.ActiveCfg = Debug|Any CPU
		{E673A2A5-6B35-4436-813C-5059684E18A7}.Debug|x64.Build.0 = Debug|Any CPU
		{E673A2A5-6B35-4436-813C-5059684E18A7}.Debug|x86.ActiveCfg = Debug|Any CPU
		{E673A2A5-6B35-4436-813C-5059684E18A7}.Debug|x86.Build.0 = Debug|Any CPU
		{E673A2A5-6B35-4436-813C-5059684E18A7}.Release|Any CPU.ActiveCfg = Release|Any CPU
		{E673A2A5-6B35-4436-813C-5059684E18A7}.Release|Any CPU.Build.0 = Release|Any CPU
		{E673A2A5-6B35-4436-813C-5059684E18A7}.Release|x64.ActiveCfg = Release|Any CPU
		{E673A2A5-6B35-4436-813C-5059684E18A7}.Release|x64.Build.0 = Release|Any CPU
		{E673A2A5-6B35-4436-813C-5059684E18A7}.Release|x86.ActiveCfg = Release|Any CPU
		{E673A2A5-6B35-4436-813C-5059684E18A7}.Release|x86.Build.0 = Release|Any CPU
		{56B27EBE-8E1D-4AF2-B1C5-A66EA3837196}.Debug|Any CPU.ActiveCfg = Debug|Any CPU
		{56B27EBE-8E1D-4AF2-B1C5-A66EA3837196}.Debug|Any CPU.Build.0 = Debug|Any CPU
		{56B27EBE-8E1D-4AF2-B1C5-A66EA3837196}.Debug|x64.ActiveCfg = Debug|Any CPU
		{56B27EBE-8E1D-4AF2-B1C5-A66EA3837196}.Debug|x64.Build.0 = Debug|Any CPU
		{56B27EBE-8E1D-4AF2-B1C5-A66EA3837196}.Debug|x86.ActiveCfg = Debug|Any CPU
		{56B27EBE-8E1D-4AF2-B1C5-A66EA3837196}.Debug|x86.Build.0 = Debug|Any CPU
		{56B27EBE-8E1D-4AF2-B1C5-A66EA3837196}.Release|Any CPU.ActiveCfg = Release|Any CPU
		{56B27EBE-8E1D-4AF2-B1C5-A66EA3837196}.Release|Any CPU.Build.0 = Release|Any CPU
		{56B27EBE-8E1D-4AF2-B1C5-A66EA3837196}.Release|x64.ActiveCfg = Release|Any CPU
		{56B27EBE-8E1D-4AF2-B1C5-A66EA3837196}.Release|x64.Build.0 = Release|Any CPU
		{56B27EBE-8E1D-4AF2-B1C5-A66EA3837196}.Release|x86.ActiveCfg = Release|Any CPU
		{56B27EBE-8E1D-4AF2-B1C5-A66EA3837196}.Release|x86.Build.0 = Release|Any CPU
		{AD557A8B-319A-4B8F-9B03-2E4CE266A86E}.Debug|Any CPU.ActiveCfg = Debug|Any CPU
		{AD557A8B-319A-4B8F-9B03-2E4CE266A86E}.Debug|Any CPU.Build.0 = Debug|Any CPU
		{AD557A8B-319A-4B8F-9B03-2E4CE266A86E}.Debug|x64.ActiveCfg = Debug|Any CPU
		{AD557A8B-319A-4B8F-9B03-2E4CE266A86E}.Debug|x64.Build.0 = Debug|Any CPU
		{AD557A8B-319A-4B8F-9B03-2E4CE266A86E}.Debug|x86.ActiveCfg = Debug|Any CPU
		{AD557A8B-319A-4B8F-9B03-2E4CE266A86E}.Debug|x86.Build.0 = Debug|Any CPU
		{AD557A8B-319A-4B8F-9B03-2E4CE266A86E}.Release|Any CPU.ActiveCfg = Release|Any CPU
		{AD557A8B-319A-4B8F-9B03-2E4CE266A86E}.Release|Any CPU.Build.0 = Release|Any CPU
		{AD557A8B-319A-4B8F-9B03-2E4CE266A86E}.Release|x64.ActiveCfg = Release|Any CPU
		{AD557A8B-319A-4B8F-9B03-2E4CE266A86E}.Release|x64.Build.0 = Release|Any CPU
		{AD557A8B-319A-4B8F-9B03-2E4CE266A86E}.Release|x86.ActiveCfg = Release|Any CPU
		{AD557A8B-319A-4B8F-9B03-2E4CE266A86E}.Release|x86.Build.0 = Release|Any CPU
		{B4E46550-46BC-4992-8A34-F25DAFC6FC5A}.Debug|Any CPU.ActiveCfg = Debug|Any CPU
		{B4E46550-46BC-4992-8A34-F25DAFC6FC5A}.Debug|Any CPU.Build.0 = Debug|Any CPU
		{B4E46550-46BC-4992-8A34-F25DAFC6FC5A}.Debug|x64.ActiveCfg = Debug|Any CPU
		{B4E46550-46BC-4992-8A34-F25DAFC6FC5A}.Debug|x64.Build.0 = Debug|Any CPU
		{B4E46550-46BC-4992-8A34-F25DAFC6FC5A}.Debug|x86.ActiveCfg = Debug|Any CPU
		{B4E46550-46BC-4992-8A34-F25DAFC6FC5A}.Debug|x86.Build.0 = Debug|Any CPU
		{B4E46550-46BC-4992-8A34-F25DAFC6FC5A}.Release|Any CPU.ActiveCfg = Release|Any CPU
		{B4E46550-46BC-4992-8A34-F25DAFC6FC5A}.Release|Any CPU.Build.0 = Release|Any CPU
		{B4E46550-46BC-4992-8A34-F25DAFC6FC5A}.Release|x64.ActiveCfg = Release|Any CPU
		{B4E46550-46BC-4992-8A34-F25DAFC6FC5A}.Release|x64.Build.0 = Release|Any CPU
		{B4E46550-46BC-4992-8A34-F25DAFC6FC5A}.Release|x86.ActiveCfg = Release|Any CPU
		{B4E46550-46BC-4992-8A34-F25DAFC6FC5A}.Release|x86.Build.0 = Release|Any CPU
		{F0E8E93F-4210-4BF9-A2E4-E9728164C19F}.Debug|Any CPU.ActiveCfg = Debug|Any CPU
		{F0E8E93F-4210-4BF9-A2E4-E9728164C19F}.Debug|Any CPU.Build.0 = Debug|Any CPU
		{F0E8E93F-4210-4BF9-A2E4-E9728164C19F}.Debug|x64.ActiveCfg = Debug|Any CPU
		{F0E8E93F-4210-4BF9-A2E4-E9728164C19F}.Debug|x64.Build.0 = Debug|Any CPU
		{F0E8E93F-4210-4BF9-A2E4-E9728164C19F}.Debug|x86.ActiveCfg = Debug|Any CPU
		{F0E8E93F-4210-4BF9-A2E4-E9728164C19F}.Debug|x86.Build.0 = Debug|Any CPU
		{F0E8E93F-4210-4BF9-A2E4-E9728164C19F}.Release|Any CPU.ActiveCfg = Release|Any CPU
		{F0E8E93F-4210-4BF9-A2E4-E9728164C19F}.Release|Any CPU.Build.0 = Release|Any CPU
		{F0E8E93F-4210-4BF9-A2E4-E9728164C19F}.Release|x64.ActiveCfg = Release|Any CPU
		{F0E8E93F-4210-4BF9-A2E4-E9728164C19F}.Release|x64.Build.0 = Release|Any CPU
		{F0E8E93F-4210-4BF9-A2E4-E9728164C19F}.Release|x86.ActiveCfg = Release|Any CPU
		{F0E8E93F-4210-4BF9-A2E4-E9728164C19F}.Release|x86.Build.0 = Release|Any CPU
		{EBE4A453-0EB6-40D5-9425-6FBD49425DC9}.Debug|Any CPU.ActiveCfg = Debug|Any CPU
		{EBE4A453-0EB6-40D5-9425-6FBD49425DC9}.Debug|Any CPU.Build.0 = Debug|Any CPU
		{EBE4A453-0EB6-40D5-9425-6FBD49425DC9}.Debug|x64.ActiveCfg = Debug|Any CPU
		{EBE4A453-0EB6-40D5-9425-6FBD49425DC9}.Debug|x64.Build.0 = Debug|Any CPU
		{EBE4A453-0EB6-40D5-9425-6FBD49425DC9}.Debug|x86.ActiveCfg = Debug|Any CPU
		{EBE4A453-0EB6-40D5-9425-6FBD49425DC9}.Debug|x86.Build.0 = Debug|Any CPU
		{EBE4A453-0EB6-40D5-9425-6FBD49425DC9}.Release|Any CPU.ActiveCfg = Release|Any CPU
		{EBE4A453-0EB6-40D5-9425-6FBD49425DC9}.Release|Any CPU.Build.0 = Release|Any CPU
		{EBE4A453-0EB6-40D5-9425-6FBD49425DC9}.Release|x64.ActiveCfg = Release|Any CPU
		{EBE4A453-0EB6-40D5-9425-6FBD49425DC9}.Release|x64.Build.0 = Release|Any CPU
		{EBE4A453-0EB6-40D5-9425-6FBD49425DC9}.Release|x86.ActiveCfg = Release|Any CPU
		{EBE4A453-0EB6-40D5-9425-6FBD49425DC9}.Release|x86.Build.0 = Release|Any CPU
		{43E8766C-4386-4EA8-BE00-1983018A5A91}.Debug|Any CPU.ActiveCfg = Debug|Any CPU
		{43E8766C-4386-4EA8-BE00-1983018A5A91}.Debug|Any CPU.Build.0 = Debug|Any CPU
		{43E8766C-4386-4EA8-BE00-1983018A5A91}.Debug|x64.ActiveCfg = Debug|Any CPU
		{43E8766C-4386-4EA8-BE00-1983018A5A91}.Debug|x64.Build.0 = Debug|Any CPU
		{43E8766C-4386-4EA8-BE00-1983018A5A91}.Debug|x86.ActiveCfg = Debug|Any CPU
		{43E8766C-4386-4EA8-BE00-1983018A5A91}.Debug|x86.Build.0 = Debug|Any CPU
		{43E8766C-4386-4EA8-BE00-1983018A5A91}.Release|Any CPU.ActiveCfg = Release|Any CPU
		{43E8766C-4386-4EA8-BE00-1983018A5A91}.Release|Any CPU.Build.0 = Release|Any CPU
		{43E8766C-4386-4EA8-BE00-1983018A5A91}.Release|x64.ActiveCfg = Release|Any CPU
		{43E8766C-4386-4EA8-BE00-1983018A5A91}.Release|x64.Build.0 = Release|Any CPU
		{43E8766C-4386-4EA8-BE00-1983018A5A91}.Release|x86.ActiveCfg = Release|Any CPU
		{43E8766C-4386-4EA8-BE00-1983018A5A91}.Release|x86.Build.0 = Release|Any CPU
		{FC27D2FA-913C-42A2-B2BC-2BECDDE958EB}.Debug|Any CPU.ActiveCfg = Debug|Any CPU
		{FC27D2FA-913C-42A2-B2BC-2BECDDE958EB}.Debug|Any CPU.Build.0 = Debug|Any CPU
		{FC27D2FA-913C-42A2-B2BC-2BECDDE958EB}.Debug|x64.ActiveCfg = Debug|Any CPU
		{FC27D2FA-913C-42A2-B2BC-2BECDDE958EB}.Debug|x64.Build.0 = Debug|Any CPU
		{FC27D2FA-913C-42A2-B2BC-2BECDDE958EB}.Debug|x86.ActiveCfg = Debug|Any CPU
		{FC27D2FA-913C-42A2-B2BC-2BECDDE958EB}.Debug|x86.Build.0 = Debug|Any CPU
		{FC27D2FA-913C-42A2-B2BC-2BECDDE958EB}.Release|Any CPU.ActiveCfg = Release|Any CPU
		{FC27D2FA-913C-42A2-B2BC-2BECDDE958EB}.Release|Any CPU.Build.0 = Release|Any CPU
		{FC27D2FA-913C-42A2-B2BC-2BECDDE958EB}.Release|x64.ActiveCfg = Release|Any CPU
		{FC27D2FA-913C-42A2-B2BC-2BECDDE958EB}.Release|x64.Build.0 = Release|Any CPU
		{FC27D2FA-913C-42A2-B2BC-2BECDDE958EB}.Release|x86.ActiveCfg = Release|Any CPU
		{FC27D2FA-913C-42A2-B2BC-2BECDDE958EB}.Release|x86.Build.0 = Release|Any CPU
		{ADC04298-DC7F-4900-94CE-E870222C9A8F}.Debug|Any CPU.ActiveCfg = Debug|Any CPU
		{ADC04298-DC7F-4900-94CE-E870222C9A8F}.Debug|Any CPU.Build.0 = Debug|Any CPU
		{ADC04298-DC7F-4900-94CE-E870222C9A8F}.Debug|x64.ActiveCfg = Debug|Any CPU
		{ADC04298-DC7F-4900-94CE-E870222C9A8F}.Debug|x64.Build.0 = Debug|Any CPU
		{ADC04298-DC7F-4900-94CE-E870222C9A8F}.Debug|x86.ActiveCfg = Debug|Any CPU
		{ADC04298-DC7F-4900-94CE-E870222C9A8F}.Debug|x86.Build.0 = Debug|Any CPU
		{ADC04298-DC7F-4900-94CE-E870222C9A8F}.Release|Any CPU.ActiveCfg = Release|Any CPU
		{ADC04298-DC7F-4900-94CE-E870222C9A8F}.Release|Any CPU.Build.0 = Release|Any CPU
		{ADC04298-DC7F-4900-94CE-E870222C9A8F}.Release|x64.ActiveCfg = Release|Any CPU
		{ADC04298-DC7F-4900-94CE-E870222C9A8F}.Release|x64.Build.0 = Release|Any CPU
		{ADC04298-DC7F-4900-94CE-E870222C9A8F}.Release|x86.ActiveCfg = Release|Any CPU
		{ADC04298-DC7F-4900-94CE-E870222C9A8F}.Release|x86.Build.0 = Release|Any CPU
		{433DDE4F-C24B-4619-B738-47B5FED46DE5}.Debug|Any CPU.ActiveCfg = Debug|Any CPU
		{433DDE4F-C24B-4619-B738-47B5FED46DE5}.Debug|Any CPU.Build.0 = Debug|Any CPU
		{433DDE4F-C24B-4619-B738-47B5FED46DE5}.Debug|x64.ActiveCfg = Debug|Any CPU
		{433DDE4F-C24B-4619-B738-47B5FED46DE5}.Debug|x64.Build.0 = Debug|Any CPU
		{433DDE4F-C24B-4619-B738-47B5FED46DE5}.Debug|x86.ActiveCfg = Debug|Any CPU
		{433DDE4F-C24B-4619-B738-47B5FED46DE5}.Debug|x86.Build.0 = Debug|Any CPU
		{433DDE4F-C24B-4619-B738-47B5FED46DE5}.Release|Any CPU.ActiveCfg = Release|Any CPU
		{433DDE4F-C24B-4619-B738-47B5FED46DE5}.Release|Any CPU.Build.0 = Release|Any CPU
		{433DDE4F-C24B-4619-B738-47B5FED46DE5}.Release|x64.ActiveCfg = Release|Any CPU
		{433DDE4F-C24B-4619-B738-47B5FED46DE5}.Release|x64.Build.0 = Release|Any CPU
		{433DDE4F-C24B-4619-B738-47B5FED46DE5}.Release|x86.ActiveCfg = Release|Any CPU
		{433DDE4F-C24B-4619-B738-47B5FED46DE5}.Release|x86.Build.0 = Release|Any CPU
		{A4702E3B-7AD8-4AC9-AE68-455AB8DA1FDE}.Debug|Any CPU.ActiveCfg = Debug|Any CPU
		{A4702E3B-7AD8-4AC9-AE68-455AB8DA1FDE}.Debug|Any CPU.Build.0 = Debug|Any CPU
		{A4702E3B-7AD8-4AC9-AE68-455AB8DA1FDE}.Debug|x64.ActiveCfg = Debug|Any CPU
		{A4702E3B-7AD8-4AC9-AE68-455AB8DA1FDE}.Debug|x64.Build.0 = Debug|Any CPU
		{A4702E3B-7AD8-4AC9-AE68-455AB8DA1FDE}.Debug|x86.ActiveCfg = Debug|Any CPU
		{A4702E3B-7AD8-4AC9-AE68-455AB8DA1FDE}.Debug|x86.Build.0 = Debug|Any CPU
		{A4702E3B-7AD8-4AC9-AE68-455AB8DA1FDE}.Release|Any CPU.ActiveCfg = Release|Any CPU
		{A4702E3B-7AD8-4AC9-AE68-455AB8DA1FDE}.Release|Any CPU.Build.0 = Release|Any CPU
		{A4702E3B-7AD8-4AC9-AE68-455AB8DA1FDE}.Release|x64.ActiveCfg = Release|Any CPU
		{A4702E3B-7AD8-4AC9-AE68-455AB8DA1FDE}.Release|x64.Build.0 = Release|Any CPU
		{A4702E3B-7AD8-4AC9-AE68-455AB8DA1FDE}.Release|x86.ActiveCfg = Release|Any CPU
		{A4702E3B-7AD8-4AC9-AE68-455AB8DA1FDE}.Release|x86.Build.0 = Release|Any CPU
		{40FE1F23-508F-47D3-A855-1FFFBEDE524F}.Debug|Any CPU.ActiveCfg = Debug|Any CPU
		{40FE1F23-508F-47D3-A855-1FFFBEDE524F}.Debug|Any CPU.Build.0 = Debug|Any CPU
		{40FE1F23-508F-47D3-A855-1FFFBEDE524F}.Debug|x64.ActiveCfg = Debug|Any CPU
		{40FE1F23-508F-47D3-A855-1FFFBEDE524F}.Debug|x64.Build.0 = Debug|Any CPU
		{40FE1F23-508F-47D3-A855-1FFFBEDE524F}.Debug|x86.ActiveCfg = Debug|Any CPU
		{40FE1F23-508F-47D3-A855-1FFFBEDE524F}.Debug|x86.Build.0 = Debug|Any CPU
		{40FE1F23-508F-47D3-A855-1FFFBEDE524F}.Release|Any CPU.ActiveCfg = Release|Any CPU
		{40FE1F23-508F-47D3-A855-1FFFBEDE524F}.Release|Any CPU.Build.0 = Release|Any CPU
		{40FE1F23-508F-47D3-A855-1FFFBEDE524F}.Release|x64.ActiveCfg = Release|Any CPU
		{40FE1F23-508F-47D3-A855-1FFFBEDE524F}.Release|x64.Build.0 = Release|Any CPU
		{40FE1F23-508F-47D3-A855-1FFFBEDE524F}.Release|x86.ActiveCfg = Release|Any CPU
		{40FE1F23-508F-47D3-A855-1FFFBEDE524F}.Release|x86.Build.0 = Release|Any CPU
		{58D5D7AF-83C0-4A3A-BE1C-B757A07A1F03}.Debug|Any CPU.ActiveCfg = Debug|Any CPU
		{58D5D7AF-83C0-4A3A-BE1C-B757A07A1F03}.Debug|Any CPU.Build.0 = Debug|Any CPU
		{58D5D7AF-83C0-4A3A-BE1C-B757A07A1F03}.Debug|x64.ActiveCfg = Debug|Any CPU
		{58D5D7AF-83C0-4A3A-BE1C-B757A07A1F03}.Debug|x64.Build.0 = Debug|Any CPU
		{58D5D7AF-83C0-4A3A-BE1C-B757A07A1F03}.Debug|x86.ActiveCfg = Debug|Any CPU
		{58D5D7AF-83C0-4A3A-BE1C-B757A07A1F03}.Debug|x86.Build.0 = Debug|Any CPU
		{58D5D7AF-83C0-4A3A-BE1C-B757A07A1F03}.Release|Any CPU.ActiveCfg = Release|Any CPU
		{58D5D7AF-83C0-4A3A-BE1C-B757A07A1F03}.Release|Any CPU.Build.0 = Release|Any CPU
		{58D5D7AF-83C0-4A3A-BE1C-B757A07A1F03}.Release|x64.ActiveCfg = Release|Any CPU
		{58D5D7AF-83C0-4A3A-BE1C-B757A07A1F03}.Release|x64.Build.0 = Release|Any CPU
		{58D5D7AF-83C0-4A3A-BE1C-B757A07A1F03}.Release|x86.ActiveCfg = Release|Any CPU
		{58D5D7AF-83C0-4A3A-BE1C-B757A07A1F03}.Release|x86.Build.0 = Release|Any CPU
		{B6085D02-406A-4ACD-9789-A7AB391F0E7C}.Debug|Any CPU.ActiveCfg = Debug|Any CPU
		{B6085D02-406A-4ACD-9789-A7AB391F0E7C}.Debug|Any CPU.Build.0 = Debug|Any CPU
		{B6085D02-406A-4ACD-9789-A7AB391F0E7C}.Debug|x64.ActiveCfg = Debug|Any CPU
		{B6085D02-406A-4ACD-9789-A7AB391F0E7C}.Debug|x64.Build.0 = Debug|Any CPU
		{B6085D02-406A-4ACD-9789-A7AB391F0E7C}.Debug|x86.ActiveCfg = Debug|Any CPU
		{B6085D02-406A-4ACD-9789-A7AB391F0E7C}.Debug|x86.Build.0 = Debug|Any CPU
		{B6085D02-406A-4ACD-9789-A7AB391F0E7C}.Release|Any CPU.ActiveCfg = Release|Any CPU
		{B6085D02-406A-4ACD-9789-A7AB391F0E7C}.Release|Any CPU.Build.0 = Release|Any CPU
		{B6085D02-406A-4ACD-9789-A7AB391F0E7C}.Release|x64.ActiveCfg = Release|Any CPU
		{B6085D02-406A-4ACD-9789-A7AB391F0E7C}.Release|x64.Build.0 = Release|Any CPU
		{B6085D02-406A-4ACD-9789-A7AB391F0E7C}.Release|x86.ActiveCfg = Release|Any CPU
		{B6085D02-406A-4ACD-9789-A7AB391F0E7C}.Release|x86.Build.0 = Release|Any CPU
		{4D1B6E89-7B51-471E-AF18-F1CFC913C91F}.Debug|Any CPU.ActiveCfg = Debug|Any CPU
		{4D1B6E89-7B51-471E-AF18-F1CFC913C91F}.Debug|Any CPU.Build.0 = Debug|Any CPU
		{4D1B6E89-7B51-471E-AF18-F1CFC913C91F}.Debug|x64.ActiveCfg = Debug|Any CPU
		{4D1B6E89-7B51-471E-AF18-F1CFC913C91F}.Debug|x64.Build.0 = Debug|Any CPU
		{4D1B6E89-7B51-471E-AF18-F1CFC913C91F}.Debug|x86.ActiveCfg = Debug|Any CPU
		{4D1B6E89-7B51-471E-AF18-F1CFC913C91F}.Debug|x86.Build.0 = Debug|Any CPU
		{4D1B6E89-7B51-471E-AF18-F1CFC913C91F}.Release|Any CPU.ActiveCfg = Release|Any CPU
		{4D1B6E89-7B51-471E-AF18-F1CFC913C91F}.Release|Any CPU.Build.0 = Release|Any CPU
		{4D1B6E89-7B51-471E-AF18-F1CFC913C91F}.Release|x64.ActiveCfg = Release|Any CPU
		{4D1B6E89-7B51-471E-AF18-F1CFC913C91F}.Release|x64.Build.0 = Release|Any CPU
		{4D1B6E89-7B51-471E-AF18-F1CFC913C91F}.Release|x86.ActiveCfg = Release|Any CPU
		{4D1B6E89-7B51-471E-AF18-F1CFC913C91F}.Release|x86.Build.0 = Release|Any CPU
		{A67DEFF6-AD11-4801-B93A-4C16FA2F9FD6}.Debug|Any CPU.ActiveCfg = Debug|Any CPU
		{A67DEFF6-AD11-4801-B93A-4C16FA2F9FD6}.Debug|Any CPU.Build.0 = Debug|Any CPU
		{A67DEFF6-AD11-4801-B93A-4C16FA2F9FD6}.Debug|x64.ActiveCfg = Debug|Any CPU
		{A67DEFF6-AD11-4801-B93A-4C16FA2F9FD6}.Debug|x64.Build.0 = Debug|Any CPU
		{A67DEFF6-AD11-4801-B93A-4C16FA2F9FD6}.Debug|x86.ActiveCfg = Debug|Any CPU
		{A67DEFF6-AD11-4801-B93A-4C16FA2F9FD6}.Debug|x86.Build.0 = Debug|Any CPU
		{A67DEFF6-AD11-4801-B93A-4C16FA2F9FD6}.Release|Any CPU.ActiveCfg = Release|Any CPU
		{A67DEFF6-AD11-4801-B93A-4C16FA2F9FD6}.Release|Any CPU.Build.0 = Release|Any CPU
		{A67DEFF6-AD11-4801-B93A-4C16FA2F9FD6}.Release|x64.ActiveCfg = Release|Any CPU
		{A67DEFF6-AD11-4801-B93A-4C16FA2F9FD6}.Release|x64.Build.0 = Release|Any CPU
		{A67DEFF6-AD11-4801-B93A-4C16FA2F9FD6}.Release|x86.ActiveCfg = Release|Any CPU
		{A67DEFF6-AD11-4801-B93A-4C16FA2F9FD6}.Release|x86.Build.0 = Release|Any CPU
	EndGlobalSection
	GlobalSection(SolutionProperties) = preSolution
		HideSolutionNode = FALSE
	EndGlobalSection
	GlobalSection(NestedProjects) = preSolution
		{E673A2A5-6B35-4436-813C-5059684E18A7} = {694FA276-A796-42EF-98B6-E2A6BD7CC1DE}
		{56B27EBE-8E1D-4AF2-B1C5-A66EA3837196} = {694FA276-A796-42EF-98B6-E2A6BD7CC1DE}
		{AD557A8B-319A-4B8F-9B03-2E4CE266A86E} = {694FA276-A796-42EF-98B6-E2A6BD7CC1DE}
		{B4E46550-46BC-4992-8A34-F25DAFC6FC5A} = {694FA276-A796-42EF-98B6-E2A6BD7CC1DE}
		{F0E8E93F-4210-4BF9-A2E4-E9728164C19F} = {694FA276-A796-42EF-98B6-E2A6BD7CC1DE}
		{EBE4A453-0EB6-40D5-9425-6FBD49425DC9} = {7B61351B-50CA-41D5-8BB8-AD8C28FD6559}
		{43E8766C-4386-4EA8-BE00-1983018A5A91} = {7B61351B-50CA-41D5-8BB8-AD8C28FD6559}
		{FC27D2FA-913C-42A2-B2BC-2BECDDE958EB} = {7B61351B-50CA-41D5-8BB8-AD8C28FD6559}
		{7B61351B-50CA-41D5-8BB8-AD8C28FD6559} = {694FA276-A796-42EF-98B6-E2A6BD7CC1DE}
		{ADC04298-DC7F-4900-94CE-E870222C9A8F} = {7B61351B-50CA-41D5-8BB8-AD8C28FD6559}
		{433DDE4F-C24B-4619-B738-47B5FED46DE5} = {41BB552A-C0E7-45AD-81F8-8436367AA8AA}
		{A4702E3B-7AD8-4AC9-AE68-455AB8DA1FDE} = {41BB552A-C0E7-45AD-81F8-8436367AA8AA}
		{710F2EE8-431A-47C7-8CB9-5F0590836FFA} = {41BB552A-C0E7-45AD-81F8-8436367AA8AA}
		{40FE1F23-508F-47D3-A855-1FFFBEDE524F} = {710F2EE8-431A-47C7-8CB9-5F0590836FFA}
		{58D5D7AF-83C0-4A3A-BE1C-B757A07A1F03} = {710F2EE8-431A-47C7-8CB9-5F0590836FFA}
		{B6085D02-406A-4ACD-9789-A7AB391F0E7C} = {710F2EE8-431A-47C7-8CB9-5F0590836FFA}
		{4D1B6E89-7B51-471E-AF18-F1CFC913C91F} = {41BB552A-C0E7-45AD-81F8-8436367AA8AA}
		{A67DEFF6-AD11-4801-B93A-4C16FA2F9FD6} = {41BB552A-C0E7-45AD-81F8-8436367AA8AA}
	EndGlobalSection
	GlobalSection(ExtensibilityGlobals) = postSolution
		SolutionGuid = {72C92057-3C98-43F6-AFD2-B5987873B06D}
	EndGlobalSection
EndGlobal
