
Microsoft Visual Studio Solution File, Format Version 12.00
# Visual Studio Version 16
VisualStudioVersion = 16.0.30114.105
MinimumVisualStudioVersion = 10.0.40219.1
Project("{2150E333-8FDC-42A3-9474-1A3956D46DE8}") = "src", "src", "{694FA276-A796-42EF-98B6-E2A6BD7CC1DE}"
EndProject
Project("{2150E333-8FDC-42A3-9474-1A3956D46DE8}") = "tests", "tests", "{41BB552A-C0E7-45AD-81F8-8436367AA8AA}"
EndProject
Project("{9A19103F-16F7-4668-BE54-9A1E7A4F7556}") = "GenericImporter.Domain", "src\GenericImporter.Domain\GenericImporter.Domain.csproj", "{E673A2A5-6B35-4436-813C-5059684E18A7}"
EndProject
Project("{9A19103F-16F7-4668-BE54-9A1E7A4F7556}") = "GenericImporter.Application", "src\GenericImporter.Application\GenericImporter.Application.csproj", "{56B27EBE-8E1D-4AF2-B1C5-A66EA3837196}"
EndProject
Project("{9A19103F-16F7-4668-BE54-9A1E7A4F7556}") = "GenericImporter.Infra.Data", "src\GenericImporter.Infra.Data\GenericImporter.Infra.Data.csproj", "{AD557A8B-319A-4B8F-9B03-2E4CE266A86E}"
EndProject
Project("{9A19103F-16F7-4668-BE54-9A1E7A4F7556}") = "GenericImporter.Infra.CrossCutting.IoC", "src\GenericImporter.Infra.CrossCutting.IoC\GenericImporter.Infra.CrossCutting.IoC.csproj", "{B4E46550-46BC-4992-8A34-F25DAFC6FC5A}"
EndProject
Project("{9A19103F-16F7-4668-BE54-9A1E7A4F7556}") = "GenericImporter.API", "src\GenericImporter.API\GenericImporter.API.csproj", "{F0E8E93F-4210-4BF9-A2E4-E9728164C19F}"
EndProject
Project("{2150E333-8FDC-42A3-9474-1A3956D46DE8}") = "Core", "Core", "{7B61351B-50CA-41D5-8BB8-AD8C28FD6559}"
EndProject
Project("{9A19103F-16F7-4668-BE54-9A1E7A4F7556}") = "GenericImporter.Application.Tests", "tests\GenericImporter.Application.Tests\GenericImporter.Application.Tests.csproj", "{433DDE4F-C24B-4619-B738-47B5FED46DE5}"
EndProject
Project("{9A19103F-16F7-4668-BE54-9A1E7A4F7556}") = "GenericImporter.Domain.Tests", "tests\GenericImporter.Domain.Tests\GenericImporter.Domain.Tests.csproj", "{A4702E3B-7AD8-4AC9-AE68-455AB8DA1FDE}"
EndProject
Project("{2150E333-8FDC-42A3-9474-1A3956D46DE8}") = "Core", "Core", "{710F2EE8-431A-47C7-8CB9-5F0590836FFA}"
EndProject
Project("{9A19103F-16F7-4668-BE54-9A1E7A4F7556}") = "GenericImporter.API.Tests", "tests\GenericImporter.API.Tests\GenericImporter.API.Tests.csproj", "{4D1B6E89-7B51-471E-AF18-F1CFC913C91F}"
EndProject
Project("{9A19103F-16F7-4668-BE54-9A1E7A4F7556}") = "GenericImporter.Infra.Data.Tests", "tests\GenericImporter.Infra.Data.Tests\GenericImporter.Infra.Data.Tests.csproj", "{A67DEFF6-AD11-4801-B93A-4C16FA2F9FD6}"
EndProject
Project("{2150E333-8FDC-42A3-9474-1A3956D46DE8}") = "Packages", "Packages", "{85809610-6BF9-4B20-A02B-2284F55246B0}"
EndProject
Project("{2150E333-8FDC-42A3-9474-1A3956D46DE8}") = "Packages", "Packages", "{708A9CF9-A5D9-40D2-87FF-55BB00A03586}"
EndProject
Project("{9A19103F-16F7-4668-BE54-9A1E7A4F7556}") = "Core.API", "src\Core.API\Core.API.csproj", "{770889AE-AA1B-4AC1-94A9-4C49CEEBF338}"
EndProject
Project("{9A19103F-16F7-4668-BE54-9A1E7A4F7556}") = "Core.Application", "src\Core.Application\Core.Application.csproj", "{76867EB3-B36A-4E0B-B855-A19222AEA534}"
EndProject
Project("{9A19103F-16F7-4668-BE54-9A1E7A4F7556}") = "Core.Domain", "src\Core.Domain\Core.Domain.csproj", "{A8D39F0B-5651-4B39-AC44-294E59F49346}"
EndProject
Project("{9A19103F-16F7-4668-BE54-9A1E7A4F7556}") = "Core.Infra.Data", "src\Core.Infra.Data\Core.Infra.Data.csproj", "{E7972945-A73C-416A-8813-9E297AF7B5BE}"
EndProject
Project("{9A19103F-16F7-4668-BE54-9A1E7A4F7556}") = "Core.API.Tests", "tests\Core.API.Tests\Core.API.Tests.csproj", "{649F6855-8957-4835-A9C7-C030F7FE24B2}"
EndProject
Project("{9A19103F-16F7-4668-BE54-9A1E7A4F7556}") = "Core.Application.Tests", "tests\Core.Application.Tests\Core.Application.Tests.csproj", "{D2FD46A0-147B-4139-B63D-8A13C88A1751}"
EndProject
Project("{9A19103F-16F7-4668-BE54-9A1E7A4F7556}") = "Core.Domain.Tests", "tests\Core.Domain.Tests\Core.Domain.Tests.csproj", "{B61682E8-FD16-499B-A5C6-215CCE5D2A4E}"
EndProject
Project("{9A19103F-16F7-4668-BE54-9A1E7A4F7556}") = "Core.Infra.Data.Tests", "tests\Core.Infra.Data.Tests\Core.Infra.Data.Tests.csproj", "{A9DA399F-7E5C-4701-878D-38549209BD90}"
EndProject
Global
	GlobalSection(SolutionConfigurationPlatforms) = preSolution
		Debug|Any CPU = Debug|Any CPU
		Debug|x64 = Debug|x64
		Debug|x86 = Debug|x86
		Release|Any CPU = Release|Any CPU
		Release|x64 = Release|x64
		Release|x86 = Release|x86
	EndGlobalSection
	GlobalSection(ProjectConfigurationPlatforms) = postSolution
		{E673A2A5-6B35-4436-813C-5059684E18A7}.Debug|Any CPU.ActiveCfg = Debug|Any CPU
		{E673A2A5-6B35-4436-813C-5059684E18A7}.Debug|Any CPU.Build.0 = Debug|Any CPU
		{E673A2A5-6B35-4436-813C-5059684E18A7}.Debug|x64.ActiveCfg = Debug|Any CPU
		{E673A2A5-6B35-4436-813C-5059684E18A7}.Debug|x64.Build.0 = Debug|Any CPU
		{E673A2A5-6B35-4436-813C-5059684E18A7}.Debug|x86.ActiveCfg = Debug|Any CPU
		{E673A2A5-6B35-4436-813C-5059684E18A7}.Debug|x86.Build.0 = Debug|Any CPU
		{E673A2A5-6B35-4436-813C-5059684E18A7}.Release|Any CPU.ActiveCfg = Release|Any CPU
		{E673A2A5-6B35-4436-813C-5059684E18A7}.Release|Any CPU.Build.0 = Release|Any CPU
		{E673A2A5-6B35-4436-813C-5059684E18A7}.Release|x64.ActiveCfg = Release|Any CPU
		{E673A2A5-6B35-4436-813C-5059684E18A7}.Release|x64.Build.0 = Release|Any CPU
		{E673A2A5-6B35-4436-813C-5059684E18A7}.Release|x86.ActiveCfg = Release|Any CPU
		{E673A2A5-6B35-4436-813C-5059684E18A7}.Release|x86.Build.0 = Release|Any CPU
		{56B27EBE-8E1D-4AF2-B1C5-A66EA3837196}.Debug|Any CPU.ActiveCfg = Debug|Any CPU
		{56B27EBE-8E1D-4AF2-B1C5-A66EA3837196}.Debug|Any CPU.Build.0 = Debug|Any CPU
		{56B27EBE-8E1D-4AF2-B1C5-A66EA3837196}.Debug|x64.ActiveCfg = Debug|Any CPU
		{56B27EBE-8E1D-4AF2-B1C5-A66EA3837196}.Debug|x64.Build.0 = Debug|Any CPU
		{56B27EBE-8E1D-4AF2-B1C5-A66EA3837196}.Debug|x86.ActiveCfg = Debug|Any CPU
		{56B27EBE-8E1D-4AF2-B1C5-A66EA3837196}.Debug|x86.Build.0 = Debug|Any CPU
		{56B27EBE-8E1D-4AF2-B1C5-A66EA3837196}.Release|Any CPU.ActiveCfg = Release|Any CPU
		{56B27EBE-8E1D-4AF2-B1C5-A66EA3837196}.Release|Any CPU.Build.0 = Release|Any CPU
		{56B27EBE-8E1D-4AF2-B1C5-A66EA3837196}.Release|x64.ActiveCfg = Release|Any CPU
		{56B27EBE-8E1D-4AF2-B1C5-A66EA3837196}.Release|x64.Build.0 = Release|Any CPU
		{56B27EBE-8E1D-4AF2-B1C5-A66EA3837196}.Release|x86.ActiveCfg = Release|Any CPU
		{56B27EBE-8E1D-4AF2-B1C5-A66EA3837196}.Release|x86.Build.0 = Release|Any CPU
		{AD557A8B-319A-4B8F-9B03-2E4CE266A86E}.Debug|Any CPU.ActiveCfg = Debug|Any CPU
		{AD557A8B-319A-4B8F-9B03-2E4CE266A86E}.Debug|Any CPU.Build.0 = Debug|Any CPU
		{AD557A8B-319A-4B8F-9B03-2E4CE266A86E}.Debug|x64.ActiveCfg = Debug|Any CPU
		{AD557A8B-319A-4B8F-9B03-2E4CE266A86E}.Debug|x64.Build.0 = Debug|Any CPU
		{AD557A8B-319A-4B8F-9B03-2E4CE266A86E}.Debug|x86.ActiveCfg = Debug|Any CPU
		{AD557A8B-319A-4B8F-9B03-2E4CE266A86E}.Debug|x86.Build.0 = Debug|Any CPU
		{AD557A8B-319A-4B8F-9B03-2E4CE266A86E}.Release|Any CPU.ActiveCfg = Release|Any CPU
		{AD557A8B-319A-4B8F-9B03-2E4CE266A86E}.Release|Any CPU.Build.0 = Release|Any CPU
		{AD557A8B-319A-4B8F-9B03-2E4CE266A86E}.Release|x64.ActiveCfg = Release|Any CPU
		{AD557A8B-319A-4B8F-9B03-2E4CE266A86E}.Release|x64.Build.0 = Release|Any CPU
		{AD557A8B-319A-4B8F-9B03-2E4CE266A86E}.Release|x86.ActiveCfg = Release|Any CPU
		{AD557A8B-319A-4B8F-9B03-2E4CE266A86E}.Release|x86.Build.0 = Release|Any CPU
		{B4E46550-46BC-4992-8A34-F25DAFC6FC5A}.Debug|Any CPU.ActiveCfg = Debug|Any CPU
		{B4E46550-46BC-4992-8A34-F25DAFC6FC5A}.Debug|Any CPU.Build.0 = Debug|Any CPU
		{B4E46550-46BC-4992-8A34-F25DAFC6FC5A}.Debug|x64.ActiveCfg = Debug|Any CPU
		{B4E46550-46BC-4992-8A34-F25DAFC6FC5A}.Debug|x64.Build.0 = Debug|Any CPU
		{B4E46550-46BC-4992-8A34-F25DAFC6FC5A}.Debug|x86.ActiveCfg = Debug|Any CPU
		{B4E46550-46BC-4992-8A34-F25DAFC6FC5A}.Debug|x86.Build.0 = Debug|Any CPU
		{B4E46550-46BC-4992-8A34-F25DAFC6FC5A}.Release|Any CPU.ActiveCfg = Release|Any CPU
		{B4E46550-46BC-4992-8A34-F25DAFC6FC5A}.Release|Any CPU.Build.0 = Release|Any CPU
		{B4E46550-46BC-4992-8A34-F25DAFC6FC5A}.Release|x64.ActiveCfg = Release|Any CPU
		{B4E46550-46BC-4992-8A34-F25DAFC6FC5A}.Release|x64.Build.0 = Release|Any CPU
		{B4E46550-46BC-4992-8A34-F25DAFC6FC5A}.Release|x86.ActiveCfg = Release|Any CPU
		{B4E46550-46BC-4992-8A34-F25DAFC6FC5A}.Release|x86.Build.0 = Release|Any CPU
		{F0E8E93F-4210-4BF9-A2E4-E9728164C19F}.Debug|Any CPU.ActiveCfg = Debug|Any CPU
		{F0E8E93F-4210-4BF9-A2E4-E9728164C19F}.Debug|Any CPU.Build.0 = Debug|Any CPU
		{F0E8E93F-4210-4BF9-A2E4-E9728164C19F}.Debug|x64.ActiveCfg = Debug|Any CPU
		{F0E8E93F-4210-4BF9-A2E4-E9728164C19F}.Debug|x64.Build.0 = Debug|Any CPU
		{F0E8E93F-4210-4BF9-A2E4-E9728164C19F}.Debug|x86.ActiveCfg = Debug|Any CPU
		{F0E8E93F-4210-4BF9-A2E4-E9728164C19F}.Debug|x86.Build.0 = Debug|Any CPU
		{F0E8E93F-4210-4BF9-A2E4-E9728164C19F}.Release|Any CPU.ActiveCfg = Release|Any CPU
		{F0E8E93F-4210-4BF9-A2E4-E9728164C19F}.Release|Any CPU.Build.0 = Release|Any CPU
		{F0E8E93F-4210-4BF9-A2E4-E9728164C19F}.Release|x64.ActiveCfg = Release|Any CPU
		{F0E8E93F-4210-4BF9-A2E4-E9728164C19F}.Release|x64.Build.0 = Release|Any CPU
		{F0E8E93F-4210-4BF9-A2E4-E9728164C19F}.Release|x86.ActiveCfg = Release|Any CPU
		{F0E8E93F-4210-4BF9-A2E4-E9728164C19F}.Release|x86.Build.0 = Release|Any CPU
		{433DDE4F-C24B-4619-B738-47B5FED46DE5}.Debug|Any CPU.ActiveCfg = Debug|Any CPU
		{433DDE4F-C24B-4619-B738-47B5FED46DE5}.Debug|Any CPU.Build.0 = Debug|Any CPU
		{433DDE4F-C24B-4619-B738-47B5FED46DE5}.Debug|x64.ActiveCfg = Debug|Any CPU
		{433DDE4F-C24B-4619-B738-47B5FED46DE5}.Debug|x64.Build.0 = Debug|Any CPU
		{433DDE4F-C24B-4619-B738-47B5FED46DE5}.Debug|x86.ActiveCfg = Debug|Any CPU
		{433DDE4F-C24B-4619-B738-47B5FED46DE5}.Debug|x86.Build.0 = Debug|Any CPU
		{433DDE4F-C24B-4619-B738-47B5FED46DE5}.Release|Any CPU.ActiveCfg = Release|Any CPU
		{433DDE4F-C24B-4619-B738-47B5FED46DE5}.Release|Any CPU.Build.0 = Release|Any CPU
		{433DDE4F-C24B-4619-B738-47B5FED46DE5}.Release|x64.ActiveCfg = Release|Any CPU
		{433DDE4F-C24B-4619-B738-47B5FED46DE5}.Release|x64.Build.0 = Release|Any CPU
		{433DDE4F-C24B-4619-B738-47B5FED46DE5}.Release|x86.ActiveCfg = Release|Any CPU
		{433DDE4F-C24B-4619-B738-47B5FED46DE5}.Release|x86.Build.0 = Release|Any CPU
		{A4702E3B-7AD8-4AC9-AE68-455AB8DA1FDE}.Debug|Any CPU.ActiveCfg = Debug|Any CPU
		{A4702E3B-7AD8-4AC9-AE68-455AB8DA1FDE}.Debug|Any CPU.Build.0 = Debug|Any CPU
		{A4702E3B-7AD8-4AC9-AE68-455AB8DA1FDE}.Debug|x64.ActiveCfg = Debug|Any CPU
		{A4702E3B-7AD8-4AC9-AE68-455AB8DA1FDE}.Debug|x64.Build.0 = Debug|Any CPU
		{A4702E3B-7AD8-4AC9-AE68-455AB8DA1FDE}.Debug|x86.ActiveCfg = Debug|Any CPU
		{A4702E3B-7AD8-4AC9-AE68-455AB8DA1FDE}.Debug|x86.Build.0 = Debug|Any CPU
		{A4702E3B-7AD8-4AC9-AE68-455AB8DA1FDE}.Release|Any CPU.ActiveCfg = Release|Any CPU
		{A4702E3B-7AD8-4AC9-AE68-455AB8DA1FDE}.Release|Any CPU.Build.0 = Release|Any CPU
		{A4702E3B-7AD8-4AC9-AE68-455AB8DA1FDE}.Release|x64.ActiveCfg = Release|Any CPU
		{A4702E3B-7AD8-4AC9-AE68-455AB8DA1FDE}.Release|x64.Build.0 = Release|Any CPU
		{A4702E3B-7AD8-4AC9-AE68-455AB8DA1FDE}.Release|x86.ActiveCfg = Release|Any CPU
		{A4702E3B-7AD8-4AC9-AE68-455AB8DA1FDE}.Release|x86.Build.0 = Release|Any CPU
		{4D1B6E89-7B51-471E-AF18-F1CFC913C91F}.Debug|Any CPU.ActiveCfg = Debug|Any CPU
		{4D1B6E89-7B51-471E-AF18-F1CFC913C91F}.Debug|Any CPU.Build.0 = Debug|Any CPU
		{4D1B6E89-7B51-471E-AF18-F1CFC913C91F}.Debug|x64.ActiveCfg = Debug|Any CPU
		{4D1B6E89-7B51-471E-AF18-F1CFC913C91F}.Debug|x64.Build.0 = Debug|Any CPU
		{4D1B6E89-7B51-471E-AF18-F1CFC913C91F}.Debug|x86.ActiveCfg = Debug|Any CPU
		{4D1B6E89-7B51-471E-AF18-F1CFC913C91F}.Debug|x86.Build.0 = Debug|Any CPU
		{4D1B6E89-7B51-471E-AF18-F1CFC913C91F}.Release|Any CPU.ActiveCfg = Release|Any CPU
		{4D1B6E89-7B51-471E-AF18-F1CFC913C91F}.Release|Any CPU.Build.0 = Release|Any CPU
		{4D1B6E89-7B51-471E-AF18-F1CFC913C91F}.Release|x64.ActiveCfg = Release|Any CPU
		{4D1B6E89-7B51-471E-AF18-F1CFC913C91F}.Release|x64.Build.0 = Release|Any CPU
		{4D1B6E89-7B51-471E-AF18-F1CFC913C91F}.Release|x86.ActiveCfg = Release|Any CPU
		{4D1B6E89-7B51-471E-AF18-F1CFC913C91F}.Release|x86.Build.0 = Release|Any CPU
		{A67DEFF6-AD11-4801-B93A-4C16FA2F9FD6}.Debug|Any CPU.ActiveCfg = Debug|Any CPU
		{A67DEFF6-AD11-4801-B93A-4C16FA2F9FD6}.Debug|Any CPU.Build.0 = Debug|Any CPU
		{A67DEFF6-AD11-4801-B93A-4C16FA2F9FD6}.Debug|x64.ActiveCfg = Debug|Any CPU
		{A67DEFF6-AD11-4801-B93A-4C16FA2F9FD6}.Debug|x64.Build.0 = Debug|Any CPU
		{A67DEFF6-AD11-4801-B93A-4C16FA2F9FD6}.Debug|x86.ActiveCfg = Debug|Any CPU
		{A67DEFF6-AD11-4801-B93A-4C16FA2F9FD6}.Debug|x86.Build.0 = Debug|Any CPU
		{A67DEFF6-AD11-4801-B93A-4C16FA2F9FD6}.Release|Any CPU.ActiveCfg = Release|Any CPU
		{A67DEFF6-AD11-4801-B93A-4C16FA2F9FD6}.Release|Any CPU.Build.0 = Release|Any CPU
		{A67DEFF6-AD11-4801-B93A-4C16FA2F9FD6}.Release|x64.ActiveCfg = Release|Any CPU
		{A67DEFF6-AD11-4801-B93A-4C16FA2F9FD6}.Release|x64.Build.0 = Release|Any CPU
		{A67DEFF6-AD11-4801-B93A-4C16FA2F9FD6}.Release|x86.ActiveCfg = Release|Any CPU
		{A67DEFF6-AD11-4801-B93A-4C16FA2F9FD6}.Release|x86.Build.0 = Release|Any CPU
		{770889AE-AA1B-4AC1-94A9-4C49CEEBF338}.Debug|Any CPU.ActiveCfg = Debug|Any CPU
		{770889AE-AA1B-4AC1-94A9-4C49CEEBF338}.Debug|Any CPU.Build.0 = Debug|Any CPU
		{770889AE-AA1B-4AC1-94A9-4C49CEEBF338}.Debug|x64.ActiveCfg = Debug|Any CPU
		{770889AE-AA1B-4AC1-94A9-4C49CEEBF338}.Debug|x64.Build.0 = Debug|Any CPU
		{770889AE-AA1B-4AC1-94A9-4C49CEEBF338}.Debug|x86.ActiveCfg = Debug|Any CPU
		{770889AE-AA1B-4AC1-94A9-4C49CEEBF338}.Debug|x86.Build.0 = Debug|Any CPU
		{770889AE-AA1B-4AC1-94A9-4C49CEEBF338}.Release|Any CPU.ActiveCfg = Release|Any CPU
		{770889AE-AA1B-4AC1-94A9-4C49CEEBF338}.Release|Any CPU.Build.0 = Release|Any CPU
		{770889AE-AA1B-4AC1-94A9-4C49CEEBF338}.Release|x64.ActiveCfg = Release|Any CPU
		{770889AE-AA1B-4AC1-94A9-4C49CEEBF338}.Release|x64.Build.0 = Release|Any CPU
		{770889AE-AA1B-4AC1-94A9-4C49CEEBF338}.Release|x86.ActiveCfg = Release|Any CPU
		{770889AE-AA1B-4AC1-94A9-4C49CEEBF338}.Release|x86.Build.0 = Release|Any CPU
		{76867EB3-B36A-4E0B-B855-A19222AEA534}.Debug|Any CPU.ActiveCfg = Debug|Any CPU
		{76867EB3-B36A-4E0B-B855-A19222AEA534}.Debug|Any CPU.Build.0 = Debug|Any CPU
		{76867EB3-B36A-4E0B-B855-A19222AEA534}.Debug|x64.ActiveCfg = Debug|Any CPU
		{76867EB3-B36A-4E0B-B855-A19222AEA534}.Debug|x64.Build.0 = Debug|Any CPU
		{76867EB3-B36A-4E0B-B855-A19222AEA534}.Debug|x86.ActiveCfg = Debug|Any CPU
		{76867EB3-B36A-4E0B-B855-A19222AEA534}.Debug|x86.Build.0 = Debug|Any CPU
		{76867EB3-B36A-4E0B-B855-A19222AEA534}.Release|Any CPU.ActiveCfg = Release|Any CPU
		{76867EB3-B36A-4E0B-B855-A19222AEA534}.Release|Any CPU.Build.0 = Release|Any CPU
		{76867EB3-B36A-4E0B-B855-A19222AEA534}.Release|x64.ActiveCfg = Release|Any CPU
		{76867EB3-B36A-4E0B-B855-A19222AEA534}.Release|x64.Build.0 = Release|Any CPU
		{76867EB3-B36A-4E0B-B855-A19222AEA534}.Release|x86.ActiveCfg = Release|Any CPU
		{76867EB3-B36A-4E0B-B855-A19222AEA534}.Release|x86.Build.0 = Release|Any CPU
		{A8D39F0B-5651-4B39-AC44-294E59F49346}.Debug|Any CPU.ActiveCfg = Debug|Any CPU
		{A8D39F0B-5651-4B39-AC44-294E59F49346}.Debug|Any CPU.Build.0 = Debug|Any CPU
		{A8D39F0B-5651-4B39-AC44-294E59F49346}.Debug|x64.ActiveCfg = Debug|Any CPU
		{A8D39F0B-5651-4B39-AC44-294E59F49346}.Debug|x64.Build.0 = Debug|Any CPU
		{A8D39F0B-5651-4B39-AC44-294E59F49346}.Debug|x86.ActiveCfg = Debug|Any CPU
		{A8D39F0B-5651-4B39-AC44-294E59F49346}.Debug|x86.Build.0 = Debug|Any CPU
		{A8D39F0B-5651-4B39-AC44-294E59F49346}.Release|Any CPU.ActiveCfg = Release|Any CPU
		{A8D39F0B-5651-4B39-AC44-294E59F49346}.Release|Any CPU.Build.0 = Release|Any CPU
		{A8D39F0B-5651-4B39-AC44-294E59F49346}.Release|x64.ActiveCfg = Release|Any CPU
		{A8D39F0B-5651-4B39-AC44-294E59F49346}.Release|x64.Build.0 = Release|Any CPU
		{A8D39F0B-5651-4B39-AC44-294E59F49346}.Release|x86.ActiveCfg = Release|Any CPU
		{A8D39F0B-5651-4B39-AC44-294E59F49346}.Release|x86.Build.0 = Release|Any CPU
		{E7972945-A73C-416A-8813-9E297AF7B5BE}.Debug|Any CPU.ActiveCfg = Debug|Any CPU
		{E7972945-A73C-416A-8813-9E297AF7B5BE}.Debug|Any CPU.Build.0 = Debug|Any CPU
		{E7972945-A73C-416A-8813-9E297AF7B5BE}.Debug|x64.ActiveCfg = Debug|Any CPU
		{E7972945-A73C-416A-8813-9E297AF7B5BE}.Debug|x64.Build.0 = Debug|Any CPU
		{E7972945-A73C-416A-8813-9E297AF7B5BE}.Debug|x86.ActiveCfg = Debug|Any CPU
		{E7972945-A73C-416A-8813-9E297AF7B5BE}.Debug|x86.Build.0 = Debug|Any CPU
		{E7972945-A73C-416A-8813-9E297AF7B5BE}.Release|Any CPU.ActiveCfg = Release|Any CPU
		{E7972945-A73C-416A-8813-9E297AF7B5BE}.Release|Any CPU.Build.0 = Release|Any CPU
		{E7972945-A73C-416A-8813-9E297AF7B5BE}.Release|x64.ActiveCfg = Release|Any CPU
		{E7972945-A73C-416A-8813-9E297AF7B5BE}.Release|x64.Build.0 = Release|Any CPU
		{E7972945-A73C-416A-8813-9E297AF7B5BE}.Release|x86.ActiveCfg = Release|Any CPU
		{E7972945-A73C-416A-8813-9E297AF7B5BE}.Release|x86.Build.0 = Release|Any CPU
		{649F6855-8957-4835-A9C7-C030F7FE24B2}.Debug|Any CPU.ActiveCfg = Debug|Any CPU
		{649F6855-8957-4835-A9C7-C030F7FE24B2}.Debug|Any CPU.Build.0 = Debug|Any CPU
		{649F6855-8957-4835-A9C7-C030F7FE24B2}.Debug|x64.ActiveCfg = Debug|Any CPU
		{649F6855-8957-4835-A9C7-C030F7FE24B2}.Debug|x64.Build.0 = Debug|Any CPU
		{649F6855-8957-4835-A9C7-C030F7FE24B2}.Debug|x86.ActiveCfg = Debug|Any CPU
		{649F6855-8957-4835-A9C7-C030F7FE24B2}.Debug|x86.Build.0 = Debug|Any CPU
		{649F6855-8957-4835-A9C7-C030F7FE24B2}.Release|Any CPU.ActiveCfg = Release|Any CPU
		{649F6855-8957-4835-A9C7-C030F7FE24B2}.Release|Any CPU.Build.0 = Release|Any CPU
		{649F6855-8957-4835-A9C7-C030F7FE24B2}.Release|x64.ActiveCfg = Release|Any CPU
		{649F6855-8957-4835-A9C7-C030F7FE24B2}.Release|x64.Build.0 = Release|Any CPU
		{649F6855-8957-4835-A9C7-C030F7FE24B2}.Release|x86.ActiveCfg = Release|Any CPU
		{649F6855-8957-4835-A9C7-C030F7FE24B2}.Release|x86.Build.0 = Release|Any CPU
		{D2FD46A0-147B-4139-B63D-8A13C88A1751}.Debug|Any CPU.ActiveCfg = Debug|Any CPU
		{D2FD46A0-147B-4139-B63D-8A13C88A1751}.Debug|Any CPU.Build.0 = Debug|Any CPU
		{D2FD46A0-147B-4139-B63D-8A13C88A1751}.Debug|x64.ActiveCfg = Debug|Any CPU
		{D2FD46A0-147B-4139-B63D-8A13C88A1751}.Debug|x64.Build.0 = Debug|Any CPU
		{D2FD46A0-147B-4139-B63D-8A13C88A1751}.Debug|x86.ActiveCfg = Debug|Any CPU
		{D2FD46A0-147B-4139-B63D-8A13C88A1751}.Debug|x86.Build.0 = Debug|Any CPU
		{D2FD46A0-147B-4139-B63D-8A13C88A1751}.Release|Any CPU.ActiveCfg = Release|Any CPU
		{D2FD46A0-147B-4139-B63D-8A13C88A1751}.Release|Any CPU.Build.0 = Release|Any CPU
		{D2FD46A0-147B-4139-B63D-8A13C88A1751}.Release|x64.ActiveCfg = Release|Any CPU
		{D2FD46A0-147B-4139-B63D-8A13C88A1751}.Release|x64.Build.0 = Release|Any CPU
		{D2FD46A0-147B-4139-B63D-8A13C88A1751}.Release|x86.ActiveCfg = Release|Any CPU
		{D2FD46A0-147B-4139-B63D-8A13C88A1751}.Release|x86.Build.0 = Release|Any CPU
		{B61682E8-FD16-499B-A5C6-215CCE5D2A4E}.Debug|Any CPU.ActiveCfg = Debug|Any CPU
		{B61682E8-FD16-499B-A5C6-215CCE5D2A4E}.Debug|Any CPU.Build.0 = Debug|Any CPU
		{B61682E8-FD16-499B-A5C6-215CCE5D2A4E}.Debug|x64.ActiveCfg = Debug|Any CPU
		{B61682E8-FD16-499B-A5C6-215CCE5D2A4E}.Debug|x64.Build.0 = Debug|Any CPU
		{B61682E8-FD16-499B-A5C6-215CCE5D2A4E}.Debug|x86.ActiveCfg = Debug|Any CPU
		{B61682E8-FD16-499B-A5C6-215CCE5D2A4E}.Debug|x86.Build.0 = Debug|Any CPU
		{B61682E8-FD16-499B-A5C6-215CCE5D2A4E}.Release|Any CPU.ActiveCfg = Release|Any CPU
		{B61682E8-FD16-499B-A5C6-215CCE5D2A4E}.Release|Any CPU.Build.0 = Release|Any CPU
		{B61682E8-FD16-499B-A5C6-215CCE5D2A4E}.Release|x64.ActiveCfg = Release|Any CPU
		{B61682E8-FD16-499B-A5C6-215CCE5D2A4E}.Release|x64.Build.0 = Release|Any CPU
		{B61682E8-FD16-499B-A5C6-215CCE5D2A4E}.Release|x86.ActiveCfg = Release|Any CPU
		{B61682E8-FD16-499B-A5C6-215CCE5D2A4E}.Release|x86.Build.0 = Release|Any CPU
		{A9DA399F-7E5C-4701-878D-38549209BD90}.Debug|Any CPU.ActiveCfg = Debug|Any CPU
		{A9DA399F-7E5C-4701-878D-38549209BD90}.Debug|Any CPU.Build.0 = Debug|Any CPU
		{A9DA399F-7E5C-4701-878D-38549209BD90}.Debug|x64.ActiveCfg = Debug|Any CPU
		{A9DA399F-7E5C-4701-878D-38549209BD90}.Debug|x64.Build.0 = Debug|Any CPU
		{A9DA399F-7E5C-4701-878D-38549209BD90}.Debug|x86.ActiveCfg = Debug|Any CPU
		{A9DA399F-7E5C-4701-878D-38549209BD90}.Debug|x86.Build.0 = Debug|Any CPU
		{A9DA399F-7E5C-4701-878D-38549209BD90}.Release|Any CPU.ActiveCfg = Release|Any CPU
		{A9DA399F-7E5C-4701-878D-38549209BD90}.Release|Any CPU.Build.0 = Release|Any CPU
		{A9DA399F-7E5C-4701-878D-38549209BD90}.Release|x64.ActiveCfg = Release|Any CPU
		{A9DA399F-7E5C-4701-878D-38549209BD90}.Release|x64.Build.0 = Release|Any CPU
		{A9DA399F-7E5C-4701-878D-38549209BD90}.Release|x86.ActiveCfg = Release|Any CPU
		{A9DA399F-7E5C-4701-878D-38549209BD90}.Release|x86.Build.0 = Release|Any CPU
	EndGlobalSection
	GlobalSection(SolutionProperties) = preSolution
		HideSolutionNode = FALSE
	EndGlobalSection
	GlobalSection(NestedProjects) = preSolution
		{E673A2A5-6B35-4436-813C-5059684E18A7} = {85809610-6BF9-4B20-A02B-2284F55246B0}
		{56B27EBE-8E1D-4AF2-B1C5-A66EA3837196} = {85809610-6BF9-4B20-A02B-2284F55246B0}
		{AD557A8B-319A-4B8F-9B03-2E4CE266A86E} = {85809610-6BF9-4B20-A02B-2284F55246B0}
		{B4E46550-46BC-4992-8A34-F25DAFC6FC5A} = {85809610-6BF9-4B20-A02B-2284F55246B0}
		{F0E8E93F-4210-4BF9-A2E4-E9728164C19F} = {85809610-6BF9-4B20-A02B-2284F55246B0}
		{7B61351B-50CA-41D5-8BB8-AD8C28FD6559} = {694FA276-A796-42EF-98B6-E2A6BD7CC1DE}
		{433DDE4F-C24B-4619-B738-47B5FED46DE5} = {708A9CF9-A5D9-40D2-87FF-55BB00A03586}
		{A4702E3B-7AD8-4AC9-AE68-455AB8DA1FDE} = {708A9CF9-A5D9-40D2-87FF-55BB00A03586}
		{710F2EE8-431A-47C7-8CB9-5F0590836FFA} = {41BB552A-C0E7-45AD-81F8-8436367AA8AA}
		{4D1B6E89-7B51-471E-AF18-F1CFC913C91F} = {708A9CF9-A5D9-40D2-87FF-55BB00A03586}
		{A67DEFF6-AD11-4801-B93A-4C16FA2F9FD6} = {708A9CF9-A5D9-40D2-87FF-55BB00A03586}
		{85809610-6BF9-4B20-A02B-2284F55246B0} = {694FA276-A796-42EF-98B6-E2A6BD7CC1DE}
		{708A9CF9-A5D9-40D2-87FF-55BB00A03586} = {41BB552A-C0E7-45AD-81F8-8436367AA8AA}
		{770889AE-AA1B-4AC1-94A9-4C49CEEBF338} = {7B61351B-50CA-41D5-8BB8-AD8C28FD6559}
		{76867EB3-B36A-4E0B-B855-A19222AEA534} = {7B61351B-50CA-41D5-8BB8-AD8C28FD6559}
		{A8D39F0B-5651-4B39-AC44-294E59F49346} = {7B61351B-50CA-41D5-8BB8-AD8C28FD6559}
		{E7972945-A73C-416A-8813-9E297AF7B5BE} = {7B61351B-50CA-41D5-8BB8-AD8C28FD6559}
		{649F6855-8957-4835-A9C7-C030F7FE24B2} = {710F2EE8-431A-47C7-8CB9-5F0590836FFA}
		{D2FD46A0-147B-4139-B63D-8A13C88A1751} = {710F2EE8-431A-47C7-8CB9-5F0590836FFA}
		{B61682E8-FD16-499B-A5C6-215CCE5D2A4E} = {710F2EE8-431A-47C7-8CB9-5F0590836FFA}
		{A9DA399F-7E5C-4701-878D-38549209BD90} = {710F2EE8-431A-47C7-8CB9-5F0590836FFA}
	EndGlobalSection
	GlobalSection(ExtensibilityGlobals) = postSolution
		SolutionGuid = {72C92057-3C98-43F6-AFD2-B5987873B06D}
	EndGlobalSection
EndGlobal
